
Microsoft Visual Studio Solution File, Format Version 12.00
# Visual Studio Version 17
VisualStudioVersion = 17.8.34601.278
MinimumVisualStudioVersion = 10.0.40219.1
Project("{9A19103F-16F7-4668-BE54-9A1E7A4F7556}") = "NotificationWebAPI", "NotificationWebAPI.csproj", "{5255A838-31C9-478D-8083-177218D46BC6}"
EndProject
Project("{FAE04EC0-301F-11D3-BF4B-00C04F79EFBC}") = "NotificationFunctionApp", "..\NotificationFunctionApp\NotificationFunctionApp.csproj", "{C14FB416-5A44-443E-B3AC-C47F120718D9}"
EndProject
Global
	GlobalSection(SolutionConfigurationPlatforms) = preSolution
		Debug|Any CPU = Debug|Any CPU
		Release|Any CPU = Release|Any CPU
	EndGlobalSection
	GlobalSection(ProjectConfigurationPlatforms) = postSolution
		{5255A838-31C9-478D-8083-177218D46BC6}.Debug|Any CPU.ActiveCfg = Debug|Any CPU
		{5255A838-31C9-478D-8083-177218D46BC6}.Debug|Any CPU.Build.0 = Debug|Any CPU
		{5255A838-31C9-478D-8083-177218D46BC6}.Release|Any CPU.ActiveCfg = Release|Any CPU
		{5255A838-31C9-478D-8083-177218D46BC6}.Release|Any CPU.Build.0 = Release|Any CPU
		{C14FB416-5A44-443E-B3AC-C47F120718D9}.Debug|Any CPU.ActiveCfg = Debug|Any CPU
		{C14FB416-5A44-443E-B3AC-C47F120718D9}.Debug|Any CPU.Build.0 = Debug|Any CPU
		{C14FB416-5A44-443E-B3AC-C47F120718D9}.Release|Any CPU.ActiveCfg = Release|Any CPU
		{C14FB416-5A44-443E-B3AC-C47F120718D9}.Release|Any CPU.Build.0 = Release|Any CPU
	EndGlobalSection
	GlobalSection(SolutionProperties) = preSolution
		HideSolutionNode = FALSE
	EndGlobalSection
	GlobalSection(ExtensibilityGlobals) = postSolution
		SolutionGuid = {33675F5D-2E82-4AA4-A299-1BDAB579D568}
	EndGlobalSection
EndGlobal
